
Microsoft Visual Studio Solution File, Format Version 12.00
# Visual Studio Version 17
VisualStudioVersion = 17.11.35312.102
MinimumVisualStudioVersion = 10.0.40219.1
Project("{9A19103F-16F7-4668-BE54-9A1E7A4F7556}") = "peng-tim-a3-project", "peng-tim-a3-project\peng-tim-a3-project.csproj", "{3D05E4C2-E52C-448C-909C-A23E9D722D68}"
EndProject
Global
	GlobalSection(SolutionConfigurationPlatforms) = preSolution
		Debug|Any CPU = Debug|Any CPU
		Release|Any CPU = Release|Any CPU
	EndGlobalSection
	GlobalSection(ProjectConfigurationPlatforms) = postSolution
		{3D05E4C2-E52C-448C-909C-A23E9D722D68}.Debug|Any CPU.ActiveCfg = Debug|Any CPU
		{3D05E4C2-E52C-448C-909C-A23E9D722D68}.Debug|Any CPU.Build.0 = Debug|Any CPU
		{3D05E4C2-E52C-448C-909C-A23E9D722D68}.Release|Any CPU.ActiveCfg = Release|Any CPU
		{3D05E4C2-E52C-448C-909C-A23E9D722D68}.Release|Any CPU.Build.0 = Release|Any CPU
	EndGlobalSection
	GlobalSection(SolutionProperties) = preSolution
		HideSolutionNode = FALSE
	EndGlobalSection
	GlobalSection(ExtensibilityGlobals) = postSolution
		SolutionGuid = {B33EDA50-1ECC-408C-A12B-14E2C638E543}
	EndGlobalSection
EndGlobal
